
Microsoft Visual Studio Solution File, Format Version 12.00
# Visual Studio 15
VisualStudioVersion = 15.0.26124.0
MinimumVisualStudioVersion = 15.0.26124.0
Project("{FAE04EC0-301F-11D3-BF4B-00C04F79EFBC}") = "BeersApi", "BeersApi\BeersApi.csproj", "{B16B308C-51B2-4029-91EA-188C18DE260C}"
EndProject
Project("{FAE04EC0-301F-11D3-BF4B-00C04F79EFBC}") = "BeersLib", "BeersLib\BeersLib.csproj", "{8B0703EB-200E-431A-B751-B7AA8E2A0B54}"
EndProject
Project("{FAE04EC0-301F-11D3-BF4B-00C04F79EFBC}") = "BeersTests", "BeersTests\BeersTests.csproj", "{DB11F2FB-8877-48AD-87F4-782A35618C02}"
EndProject
Global
	GlobalSection(SolutionConfigurationPlatforms) = preSolution
		Debug|Any CPU = Debug|Any CPU
		Debug|x64 = Debug|x64
		Debug|x86 = Debug|x86
		Release|Any CPU = Release|Any CPU
		Release|x64 = Release|x64
		Release|x86 = Release|x86
	EndGlobalSection
	GlobalSection(SolutionProperties) = preSolution
		HideSolutionNode = FALSE
	EndGlobalSection
	GlobalSection(ProjectConfigurationPlatforms) = postSolution
		{B16B308C-51B2-4029-91EA-188C18DE260C}.Debug|Any CPU.ActiveCfg = Debug|Any CPU
		{B16B308C-51B2-4029-91EA-188C18DE260C}.Debug|Any CPU.Build.0 = Debug|Any CPU
		{B16B308C-51B2-4029-91EA-188C18DE260C}.Debug|x64.ActiveCfg = Debug|Any CPU
		{B16B308C-51B2-4029-91EA-188C18DE260C}.Debug|x64.Build.0 = Debug|Any CPU
		{B16B308C-51B2-4029-91EA-188C18DE260C}.Debug|x86.ActiveCfg = Debug|Any CPU
		{B16B308C-51B2-4029-91EA-188C18DE260C}.Debug|x86.Build.0 = Debug|Any CPU
		{B16B308C-51B2-4029-91EA-188C18DE260C}.Release|Any CPU.ActiveCfg = Release|Any CPU
		{B16B308C-51B2-4029-91EA-188C18DE260C}.Release|Any CPU.Build.0 = Release|Any CPU
		{B16B308C-51B2-4029-91EA-188C18DE260C}.Release|x64.ActiveCfg = Release|Any CPU
		{B16B308C-51B2-4029-91EA-188C18DE260C}.Release|x64.Build.0 = Release|Any CPU
		{B16B308C-51B2-4029-91EA-188C18DE260C}.Release|x86.ActiveCfg = Release|Any CPU
		{B16B308C-51B2-4029-91EA-188C18DE260C}.Release|x86.Build.0 = Release|Any CPU
		{8B0703EB-200E-431A-B751-B7AA8E2A0B54}.Debug|Any CPU.ActiveCfg = Debug|Any CPU
		{8B0703EB-200E-431A-B751-B7AA8E2A0B54}.Debug|Any CPU.Build.0 = Debug|Any CPU
		{8B0703EB-200E-431A-B751-B7AA8E2A0B54}.Debug|x64.ActiveCfg = Debug|Any CPU
		{8B0703EB-200E-431A-B751-B7AA8E2A0B54}.Debug|x64.Build.0 = Debug|Any CPU
		{8B0703EB-200E-431A-B751-B7AA8E2A0B54}.Debug|x86.ActiveCfg = Debug|Any CPU
		{8B0703EB-200E-431A-B751-B7AA8E2A0B54}.Debug|x86.Build.0 = Debug|Any CPU
		{8B0703EB-200E-431A-B751-B7AA8E2A0B54}.Release|Any CPU.ActiveCfg = Release|Any CPU
		{8B0703EB-200E-431A-B751-B7AA8E2A0B54}.Release|Any CPU.Build.0 = Release|Any CPU
		{8B0703EB-200E-431A-B751-B7AA8E2A0B54}.Release|x64.ActiveCfg = Release|Any CPU
		{8B0703EB-200E-431A-B751-B7AA8E2A0B54}.Release|x64.Build.0 = Release|Any CPU
		{8B0703EB-200E-431A-B751-B7AA8E2A0B54}.Release|x86.ActiveCfg = Release|Any CPU
		{8B0703EB-200E-431A-B751-B7AA8E2A0B54}.Release|x86.Build.0 = Release|Any CPU
		{DB11F2FB-8877-48AD-87F4-782A35618C02}.Debug|Any CPU.ActiveCfg = Debug|Any CPU
		{DB11F2FB-8877-48AD-87F4-782A35618C02}.Debug|Any CPU.Build.0 = Debug|Any CPU
		{DB11F2FB-8877-48AD-87F4-782A35618C02}.Debug|x64.ActiveCfg = Debug|Any CPU
		{DB11F2FB-8877-48AD-87F4-782A35618C02}.Debug|x64.Build.0 = Debug|Any CPU
		{DB11F2FB-8877-48AD-87F4-782A35618C02}.Debug|x86.ActiveCfg = Debug|Any CPU
		{DB11F2FB-8877-48AD-87F4-782A35618C02}.Debug|x86.Build.0 = Debug|Any CPU
		{DB11F2FB-8877-48AD-87F4-782A35618C02}.Release|Any CPU.ActiveCfg = Release|Any CPU
		{DB11F2FB-8877-48AD-87F4-782A35618C02}.Release|Any CPU.Build.0 = Release|Any CPU
		{DB11F2FB-8877-48AD-87F4-782A35618C02}.Release|x64.ActiveCfg = Release|Any CPU
		{DB11F2FB-8877-48AD-87F4-782A35618C02}.Release|x64.Build.0 = Release|Any CPU
		{DB11F2FB-8877-48AD-87F4-782A35618C02}.Release|x86.ActiveCfg = Release|Any CPU
		{DB11F2FB-8877-48AD-87F4-782A35618C02}.Release|x86.Build.0 = Release|Any CPU
	EndGlobalSection
EndGlobal
